
Microsoft Visual Studio Solution File, Format Version 12.00
# Visual Studio 15
VisualStudioVersion = 15.0.26730.12
MinimumVisualStudioVersion = 10.0.40219.1
Project("{FAE04EC0-301F-11D3-BF4B-00C04F79EFBC}") = "FibonacciProject", "FibonacciProject\FibonacciProject.csproj", "{C3D948E8-AC70-4411-86E5-F720E88900D4}"
EndProject
Global
	GlobalSection(SolutionConfigurationPlatforms) = preSolution
		Debug|Any CPU = Debug|Any CPU
		Release|Any CPU = Release|Any CPU
	EndGlobalSection
	GlobalSection(ProjectConfigurationPlatforms) = postSolution
		{C3D948E8-AC70-4411-86E5-F720E88900D4}.Debug|Any CPU.ActiveCfg = Debug|Any CPU
		{C3D948E8-AC70-4411-86E5-F720E88900D4}.Debug|Any CPU.Build.0 = Debug|Any CPU
		{C3D948E8-AC70-4411-86E5-F720E88900D4}.Release|Any CPU.ActiveCfg = Release|Any CPU
		{C3D948E8-AC70-4411-86E5-F720E88900D4}.Release|Any CPU.Build.0 = Release|Any CPU
	EndGlobalSection
	GlobalSection(SolutionProperties) = preSolution
		HideSolutionNode = FALSE
	EndGlobalSection
	GlobalSection(ExtensibilityGlobals) = postSolution
		SolutionGuid = {5EAF9847-A381-442B-A1EC-FBB510F9BCDD}
	EndGlobalSection
EndGlobal
